# THIS IS AN AUTOGENERATED FILE. DO NOT EDIT THIS FILE DIRECTLY.
# yarn lockfile v1


"@babel/runtime@^7.10.1", "@babel/runtime@^7.11.1", "@babel/runtime@^7.12.5":
  version "7.14.0"
  resolved "https://registry.yarnpkg.com/@babel/runtime/-/runtime-7.14.0.tgz#46794bc20b612c5f75e62dd071e24dfd95f1cbe6"
  integrity sha512-JELkvo/DlpNdJ7dlyw/eY7E0suy5i5GQH+Vlxaq1nsNJ+H7f4Vtv3jMeCEgRhZZQFXTjldYfQgv2qmM6M1v5wA==
  dependencies:
    regenerator-runtime "^0.13.4"

classnames@2.x, classnames@^2.2.1, classnames@^2.2.6:
  version "2.3.1"
  resolved "https://registry.yarnpkg.com/classnames/-/classnames-2.3.1.tgz#dfcfa3891e306ec1dad105d0e88f4417b8535e8e"
  integrity sha512-OlQdbZ7gLfGarSqxesMesDa5uz7KFbID8Kpq/SxIoNGDqY8lSYs0D+hhtBXhcdB3rcbXArFr7vlHheLk1voeNA==

rc-motion@^2.0.1:
  version "2.4.3"
  resolved "https://registry.yarnpkg.com/rc-motion/-/rc-motion-2.4.3.tgz#2afd129da8764ee0372ba83442949d8ecb1c7ad2"
  integrity sha512-GZLLFXHl/VqTfI7bSZNNZozcblNmDka1AAoQig7EZ6s0rWg5y0RlgrcHWO+W+nrOVbYfJDxoaQUoP2fEmvCWmA==
  dependencies:
    "@babel/runtime" "^7.11.1"
    classnames "^2.2.1"
    rc-util "^5.2.1"

rc-resize-observer@^1.0.0:
  version "1.0.0"
  resolved "https://registry.yarnpkg.com/rc-resize-observer/-/rc-resize-observer-1.0.0.tgz#97fb89856f62fec32ab6e40933935cf58e2e102d"
  integrity sha512-RgKGukg1mlzyGdvzF7o/LGFC8AeoMH9aGzXTUdp6m+OApvmRdUuOscq/Y2O45cJA+rXt1ApWlpFoOIioXL3AGg==
  dependencies:
    "@babel/runtime" "^7.10.1"
    classnames "^2.2.1"
    rc-util "^5.0.0"
    resize-observer-polyfill "^1.5.1"

rc-tree@^4.1.5:
  version "4.1.5"
  resolved "https://registry.yarnpkg.com/rc-tree/-/rc-tree-4.1.5.tgz#734ab1bfe835e78791be41442ca0e571147ab6fa"
  integrity sha512-q2vjcmnBDylGZ9/ZW4F9oZMKMJdbFWC7um+DAQhZG1nqyg1iwoowbBggUDUaUOEryJP+08bpliEAYnzJXbI5xQ==
  dependencies:
    "@babel/runtime" "^7.10.1"
    classnames "2.x"
    rc-motion "^2.0.1"
    rc-util "^5.0.0"
    rc-virtual-list "^3.0.1"

rc-util@^5.0.0, rc-util@^5.0.7, rc-util@^5.2.1:
  version "5.13.0"
  resolved "https://registry.yarnpkg.com/rc-util/-/rc-util-5.13.0.tgz#ca7e428644c361ff32760497357f6859883b0111"
  integrity sha512-hDnFgTt7uLowVNAtWxkCrVdVipqt+4IFyvasMglk9iiWMz/zXB5RjYArPp8hZ6TrxtrdctExh0qTJB3AqwLLRQ==
  dependencies:
    "@babel/runtime" "^7.12.5"
    react-is "^16.12.0"
    shallowequal "^1.1.0"

rc-virtual-list@^3.0.1:
  version "3.2.6"
  resolved "https://registry.yarnpkg.com/rc-virtual-list/-/rc-virtual-list-3.2.6.tgz#2c92a40f4425e19881b38134d6bd286a11137d2d"
  integrity sha512-8FiQLDzm3c/tMX0d62SQtKDhLH7zFlSI6pWBAPt+TUntEqd3Lz9zFAmpvTu8gkvUom/HCsDSZs4wfV4wDPWC0Q==
  dependencies:
    classnames "^2.2.6"
    rc-resize-observer "^1.0.0"
    rc-util "^5.0.7"

react-is@^16.12.0:
  version "16.13.1"
  resolved "https://registry.yarnpkg.com/react-is/-/react-is-16.13.1.tgz#789729a4dc36de2999dc156dd6c1d9c18cea56a4"
  integrity sha512-24e6ynE2H+OKt4kqsOvNd8kBpV65zoxbA4BVsEOB3ARVWQki/DHzaUoC5KuON/BiccDaCCTZBuOcfZs70kR8bQ==

regenerator-runtime@^0.13.4:
  version "0.13.7"
  resolved "https://registry.yarnpkg.com/regenerator-runtime/-/regenerator-runtime-0.13.7.tgz#cac2dacc8a1ea675feaabaeb8ae833898ae46f55"
  integrity sha512-a54FxoJDIr27pgf7IgeQGxmqUNYrcV338lf/6gH456HZ/PhX+5BcwHXG9ajESmwe6WRO0tAzRUrRmNONWgkrew==

resize-observer-polyfill@^1.5.1:
  version "1.5.1"
  resolved "https://registry.yarnpkg.com/resize-observer-polyfill/-/resize-observer-polyfill-1.5.1.tgz#0e9020dd3d21024458d4ebd27e23e40269810464"
  integrity sha512-LwZrotdHOo12nQuZlHEmtuXdqGoOD0OhaxopaNFxWzInpEgaLWoVuAMbTzixuosCx2nEG58ngzW3vxdWoxIgdg==

shallowequal@^1.1.0:
  version "1.1.0"
  resolved "https://registry.yarnpkg.com/shallowequal/-/shallowequal-1.1.0.tgz#188d521de95b9087404fd4dcb68b13df0ae4e7f8"
  integrity sha512-y0m1JoUZSlPAjXVtPPW70aZWfIL/dSP7AFkRnniLCrK/8MDKog3TySTBmckD+RObVxH0v4Tox67+F14PdED2oQ==
